
Microsoft Visual Studio Solution File, Format Version 12.00
# Visual Studio Version 17
VisualStudioVersion = 17.0.32126.317
MinimumVisualStudioVersion = 10.0.40219.1
Project("{888888A0-9F3D-457C-B088-3A5042F75D52}") = "Calculator_RTG_homework", "Calculator_RTG_homework\Calculator_RTG_homework.pyproj", "{FA0417A8-55C3-4A88-AB6B-4D6F9099B04F}"
EndProject
Global
	GlobalSection(SolutionConfigurationPlatforms) = preSolution
		Debug|Any CPU = Debug|Any CPU
		Release|Any CPU = Release|Any CPU
	EndGlobalSection
	GlobalSection(ProjectConfigurationPlatforms) = postSolution
		{FA0417A8-55C3-4A88-AB6B-4D6F9099B04F}.Debug|Any CPU.ActiveCfg = Debug|Any CPU
		{FA0417A8-55C3-4A88-AB6B-4D6F9099B04F}.Release|Any CPU.ActiveCfg = Release|Any CPU
	EndGlobalSection
	GlobalSection(SolutionProperties) = preSolution
		HideSolutionNode = FALSE
	EndGlobalSection
	GlobalSection(ExtensibilityGlobals) = postSolution
		SolutionGuid = {C00C8BEB-6C76-47A2-A5D6-84529A4BB815}
	EndGlobalSection
EndGlobal
